
Microsoft Visual Studio Solution File, Format Version 12.00
# Visual Studio 15
VisualStudioVersion = 15.0.28307.329
MinimumVisualStudioVersion = 10.0.40219.1
Project("{9A19103F-16F7-4668-BE54-9A1E7A4F7556}") = "ConnectVehicle.Data", "ConnectVehicle.Data\ConnectVehicle.Data.csproj", "{446AE229-740F-4A69-AF46-0537E559D239}"
EndProject
Project("{9A19103F-16F7-4668-BE54-9A1E7A4F7556}") = "ConnectVehicle.Services", "ConnectVehicle.Services\ConnectVehicle.Services.csproj", "{DDE69F0A-9DC8-4C64-9960-3287A8ADBDED}"
EndProject
Project("{9A19103F-16F7-4668-BE54-9A1E7A4F7556}") = "ConnectVehicle.Utility", "ConnectVehicle.Utility\ConnectVehicle.Utility.csproj", "{9E00CD83-1180-4FE8-808E-1B256B94B46F}"
EndProject
Project("{FAE04EC0-301F-11D3-BF4B-00C04F79EFBC}") = "ConnectVehicle.Services.Test", "ConnectVehicle.Services.Test\ConnectVehicle.Services.Test.csproj", "{639A7E08-84FB-4E0D-8F2D-3E5466A5C7C5}"
EndProject
Global
	GlobalSection(SolutionConfigurationPlatforms) = preSolution
		Debug|Any CPU = Debug|Any CPU
		Release|Any CPU = Release|Any CPU
	EndGlobalSection
	GlobalSection(ProjectConfigurationPlatforms) = postSolution
		{446AE229-740F-4A69-AF46-0537E559D239}.Debug|Any CPU.ActiveCfg = Debug|Any CPU
		{446AE229-740F-4A69-AF46-0537E559D239}.Debug|Any CPU.Build.0 = Debug|Any CPU
		{446AE229-740F-4A69-AF46-0537E559D239}.Release|Any CPU.ActiveCfg = Release|Any CPU
		{446AE229-740F-4A69-AF46-0537E559D239}.Release|Any CPU.Build.0 = Release|Any CPU
		{DDE69F0A-9DC8-4C64-9960-3287A8ADBDED}.Debug|Any CPU.ActiveCfg = Debug|Any CPU
		{DDE69F0A-9DC8-4C64-9960-3287A8ADBDED}.Debug|Any CPU.Build.0 = Debug|Any CPU
		{DDE69F0A-9DC8-4C64-9960-3287A8ADBDED}.Release|Any CPU.ActiveCfg = Release|Any CPU
		{DDE69F0A-9DC8-4C64-9960-3287A8ADBDED}.Release|Any CPU.Build.0 = Release|Any CPU
		{9E00CD83-1180-4FE8-808E-1B256B94B46F}.Debug|Any CPU.ActiveCfg = Debug|Any CPU
		{9E00CD83-1180-4FE8-808E-1B256B94B46F}.Debug|Any CPU.Build.0 = Debug|Any CPU
		{9E00CD83-1180-4FE8-808E-1B256B94B46F}.Release|Any CPU.ActiveCfg = Release|Any CPU
		{9E00CD83-1180-4FE8-808E-1B256B94B46F}.Release|Any CPU.Build.0 = Release|Any CPU
		{639A7E08-84FB-4E0D-8F2D-3E5466A5C7C5}.Debug|Any CPU.ActiveCfg = Debug|Any CPU
		{639A7E08-84FB-4E0D-8F2D-3E5466A5C7C5}.Debug|Any CPU.Build.0 = Debug|Any CPU
		{639A7E08-84FB-4E0D-8F2D-3E5466A5C7C5}.Release|Any CPU.ActiveCfg = Release|Any CPU
		{639A7E08-84FB-4E0D-8F2D-3E5466A5C7C5}.Release|Any CPU.Build.0 = Release|Any CPU
	EndGlobalSection
	GlobalSection(SolutionProperties) = preSolution
		HideSolutionNode = FALSE
	EndGlobalSection
	GlobalSection(ExtensibilityGlobals) = postSolution
		SolutionGuid = {610E0203-757F-462B-A11E-11F2F51722C2}
	EndGlobalSection
EndGlobal
